{
  "name": "featherbone-client",
  "version": "0.3.0",
  "lockfileVersion": 1,
  "requires": true,
  "dependencies": {
    "@fortawesome/fontawesome-free": {
      "version": "5.6.3",
      "resolved": "https://registry.npmjs.org/@fortawesome/fontawesome-free/-/fontawesome-free-5.6.3.tgz",
      "integrity": "sha512-s5PLdI9NYgjBvfrv6rhirPHlAHWx+Sfo/IjsAeiXYfmemC/GSjwsyz1wLnGPazbLPXWfk62ks980o9AmsxYUEQ=="
    },
    "big.js": {
      "version": "5.2.2",
      "resolved": "https://registry.npmjs.org/big.js/-/big.js-5.2.2.tgz",
      "integrity": "sha512-vyL2OymJxmarO8gxMr0mhChsO9QGwhynfuu4+MHTAW6czfq9humCB7rKpUjDd9YUiDPU4mzpyupFSvOClAwbmQ=="
    },
    "codemirror": {
      "version": "5.42.2",
      "resolved": "https://registry.npmjs.org/codemirror/-/codemirror-5.42.2.tgz",
      "integrity": "sha512-Tkv6im39VuhduFMsDA3MlXcC/kKas3Z0PI1/8N88QvFQbtOeiiwnfFJE4juGyC8/a4sb1BSxQlzsil8XLQdxRw=="
    },
    "deep-equal": {
      "version": "1.0.1",
      "resolved": "https://registry.npmjs.org/deep-equal/-/deep-equal-1.0.1.tgz",
      "integrity": "sha1-9dJgKStmDghO/0zbyfCK0yR0SLU="
    },
    "dialog-polyfill": {
      "version": "0.4.10",
      "resolved": "https://registry.npmjs.org/dialog-polyfill/-/dialog-polyfill-0.4.10.tgz",
      "integrity": "sha512-j5yGMkP8T00UFgyO+78OxiN5vC5dzRQF3BEio+LhNvDbyfxWBsi3sfPArDm54VloaJwy2hm3erEiDWqHRC8rzw=="
    },
    "event-source-polyfill": {
      "version": "1.0.5",
      "resolved": "https://registry.npmjs.org/event-source-polyfill/-/event-source-polyfill-1.0.5.tgz",
      "integrity": "sha512-PdStgZ3+G2o2gjqsBYbV4931ByVmwLwSrX7mFgawCL+9I1npo9dwAQTnWtNWXe5IY2P8+AbbPteeOueiEtRCUA=="
    },
    "fast-json-patch": {
      "version": "2.0.7",
      "resolved": "https://registry.npmjs.org/fast-json-patch/-/fast-json-patch-2.0.7.tgz",
      "integrity": "sha512-DQeoEyPYxdTtfmB3yDlxkLyKTdbJ6ABfFGcMynDqjvGhPYLto/pZyb/dG2Nyd/n9CArjEWN9ZST++AFmgzgbGw==",
      "requires": {
        "deep-equal": "^1.0.1"
      }
    },
    "mithril": {
      "version": "1.1.6",
      "resolved": "https://registry.npmjs.org/mithril/-/mithril-1.1.6.tgz",
      "integrity": "sha512-fWcUrQTCqu8M916rj1MFGlHaPh65rznPu6U/N2U9g81H89klDCIptSK5bnkNkC+jyi3sJIXjyGhSQjUnR8jzZA=="
    },
    "purecss": {
      "version": "1.0.0",
      "resolved": "https://registry.npmjs.org/purecss/-/purecss-1.0.0.tgz",
      "integrity": "sha512-gfC78WCOWNnfkzulx9aoWwcl+0JflhwKeJ+k9s/ZyIawfYNA4bqBmt0DtfgtQK9iuYMtGfbdE8R2AQMjSWR2VQ=="
    },
    "qs": {
      "version": "6.6.0",
      "resolved": "https://registry.npmjs.org/qs/-/qs-6.6.0.tgz",
      "integrity": "sha512-KIJqT9jQJDQx5h5uAVPimw6yVg2SekOKu959OCtktD3FjzbpvaPr8i4zzg07DOMz+igA4W/aNM7OV8H37pFYfA=="
    },
    "typeface-raleway": {
      "version": "0.0.54",
      "resolved": "https://registry.npmjs.org/typeface-raleway/-/typeface-raleway-0.0.54.tgz",
      "integrity": "sha512-oilrvv0fV+z4eYvfTAl6t9Oq1mE/ZrLDPM71TrcAtqyVb0QzAJ6hQBS+FQcYdHxK2LGQE+gloQUPtwgY2I7WxA=="
    }
  }
}
